
Microsoft Visual Studio Solution File, Format Version 12.00
# Visual Studio Version 17
VisualStudioVersion = 17.11.35327.3
MinimumVisualStudioVersion = 10.0.40219.1
Project("{FAE04EC0-301F-11D3-BF4B-00C04F79EFBC}") = "BoxingAPI", "BoxingAPI\BoxingAPI.csproj", "{0067FED5-D034-47F9-9868-13479BC00CCB}"
EndProject
Global
	GlobalSection(SolutionConfigurationPlatforms) = preSolution
		Debug|Any CPU = Debug|Any CPU
		Release|Any CPU = Release|Any CPU
	EndGlobalSection
	GlobalSection(ProjectConfigurationPlatforms) = postSolution
		{0067FED5-D034-47F9-9868-13479BC00CCB}.Debug|Any CPU.ActiveCfg = Debug|Any CPU
		{0067FED5-D034-47F9-9868-13479BC00CCB}.Debug|Any CPU.Build.0 = Debug|Any CPU
		{0067FED5-D034-47F9-9868-13479BC00CCB}.Release|Any CPU.ActiveCfg = Release|Any CPU
		{0067FED5-D034-47F9-9868-13479BC00CCB}.Release|Any CPU.Build.0 = Release|Any CPU
	EndGlobalSection
	GlobalSection(SolutionProperties) = preSolution
		HideSolutionNode = FALSE
	EndGlobalSection
	GlobalSection(ExtensibilityGlobals) = postSolution
		SolutionGuid = {66DF7989-D257-449E-A3D2-14438F73F528}
	EndGlobalSection
EndGlobal
